
Microsoft Visual Studio Solution File, Format Version 12.00
# Visual Studio Version 17
VisualStudioVersion = 17.6.33815.320
MinimumVisualStudioVersion = 10.0.40219.1
Project("{9A19103F-16F7-4668-BE54-9A1E7A4F7556}") = "PetShopAPIV2", "PetShopAPIV2\PetShopAPIV2.csproj", "{9DCCC308-24DF-4342-9D86-DFB8AD5AA182}"
EndProject
Project("{FAE04EC0-301F-11D3-BF4B-00C04F79EFBC}") = "PetShopAPIV2.Tests", "PetShopAPIV2.Tests\PetShopAPIV2.Tests.csproj", "{BE0571F4-DFD3-46AD-8C6F-5ACB5C874559}"
EndProject
Global
	GlobalSection(SolutionConfigurationPlatforms) = preSolution
		Debug|Any CPU = Debug|Any CPU
		Release|Any CPU = Release|Any CPU
	EndGlobalSection
	GlobalSection(ProjectConfigurationPlatforms) = postSolution
		{9DCCC308-24DF-4342-9D86-DFB8AD5AA182}.Debug|Any CPU.ActiveCfg = Debug|Any CPU
		{9DCCC308-24DF-4342-9D86-DFB8AD5AA182}.Debug|Any CPU.Build.0 = Debug|Any CPU
		{9DCCC308-24DF-4342-9D86-DFB8AD5AA182}.Release|Any CPU.ActiveCfg = Release|Any CPU
		{9DCCC308-24DF-4342-9D86-DFB8AD5AA182}.Release|Any CPU.Build.0 = Release|Any CPU
		{BE0571F4-DFD3-46AD-8C6F-5ACB5C874559}.Debug|Any CPU.ActiveCfg = Debug|Any CPU
		{BE0571F4-DFD3-46AD-8C6F-5ACB5C874559}.Debug|Any CPU.Build.0 = Debug|Any CPU
		{BE0571F4-DFD3-46AD-8C6F-5ACB5C874559}.Release|Any CPU.ActiveCfg = Release|Any CPU
		{BE0571F4-DFD3-46AD-8C6F-5ACB5C874559}.Release|Any CPU.Build.0 = Release|Any CPU
	EndGlobalSection
	GlobalSection(SolutionProperties) = preSolution
		HideSolutionNode = FALSE
	EndGlobalSection
	GlobalSection(ExtensibilityGlobals) = postSolution
		SolutionGuid = {3A74606A-CCC7-4C73-A19D-764515BEA5F8}
	EndGlobalSection
EndGlobal
